# THIS IS AN AUTOGENERATED FILE. DO NOT EDIT THIS FILE DIRECTLY.
# yarn lockfile v1


"@scoped/linked-package@link:../linked-package":
  version "0.0.0"
  uid ""

typescript@^3.0.0-dev.20180526:
  version "3.0.0-dev.20180526"
  resolved "https://registry.yarnpkg.com/typescript/-/typescript-3.0.0-dev.20180526.tgz#98e2ad71ce10db18a6b2e0d350e0f739e5ae896e"
